
Microsoft Visual Studio Solution File, Format Version 12.00
# Visual Studio Version 16
VisualStudioVersion = 16.0.29709.97
MinimumVisualStudioVersion = 10.0.40219.1
Project("{FAE04EC0-301F-11D3-BF4B-00C04F79EFBC}") = "jtimp1730ex1b", "jtimp1730ex1b\jtimp1730ex1b.csproj", "{68CF76D4-C0E2-4583-AB09-BEE34D9E10C2}"
EndProject
Project("{FAE04EC0-301F-11D3-BF4B-00C04F79EFBC}") = "jtimp1730ex1c1", "jtimp1730ex1c1\jtimp1730ex1c1.csproj", "{97AB57DD-27E3-4D01-B394-9CB919A530F1}"
EndProject
Project("{FAE04EC0-301F-11D3-BF4B-00C04F79EFBC}") = "jtimp1730ex1d1", "jtimp1730ex1d1\jtimp1730ex1d1.csproj", "{078C7DF0-2071-4ED4-A60F-AA4421B57FD8}"
EndProject
Global
	GlobalSection(SolutionConfigurationPlatforms) = preSolution
		Debug|Any CPU = Debug|Any CPU
		Release|Any CPU = Release|Any CPU
	EndGlobalSection
	GlobalSection(ProjectConfigurationPlatforms) = postSolution
		{68CF76D4-C0E2-4583-AB09-BEE34D9E10C2}.Debug|Any CPU.ActiveCfg = Debug|Any CPU
		{68CF76D4-C0E2-4583-AB09-BEE34D9E10C2}.Debug|Any CPU.Build.0 = Debug|Any CPU
		{68CF76D4-C0E2-4583-AB09-BEE34D9E10C2}.Release|Any CPU.ActiveCfg = Release|Any CPU
		{68CF76D4-C0E2-4583-AB09-BEE34D9E10C2}.Release|Any CPU.Build.0 = Release|Any CPU
		{97AB57DD-27E3-4D01-B394-9CB919A530F1}.Debug|Any CPU.ActiveCfg = Debug|Any CPU
		{97AB57DD-27E3-4D01-B394-9CB919A530F1}.Debug|Any CPU.Build.0 = Debug|Any CPU
		{97AB57DD-27E3-4D01-B394-9CB919A530F1}.Release|Any CPU.ActiveCfg = Release|Any CPU
		{97AB57DD-27E3-4D01-B394-9CB919A530F1}.Release|Any CPU.Build.0 = Release|Any CPU
		{078C7DF0-2071-4ED4-A60F-AA4421B57FD8}.Debug|Any CPU.ActiveCfg = Debug|Any CPU
		{078C7DF0-2071-4ED4-A60F-AA4421B57FD8}.Debug|Any CPU.Build.0 = Debug|Any CPU
		{078C7DF0-2071-4ED4-A60F-AA4421B57FD8}.Release|Any CPU.ActiveCfg = Release|Any CPU
		{078C7DF0-2071-4ED4-A60F-AA4421B57FD8}.Release|Any CPU.Build.0 = Release|Any CPU
	EndGlobalSection
	GlobalSection(SolutionProperties) = preSolution
		HideSolutionNode = FALSE
	EndGlobalSection
	GlobalSection(ExtensibilityGlobals) = postSolution
		SolutionGuid = {4C27DCF9-D685-460E-9DBE-9CC8CA8BBACC}
	EndGlobalSection
EndGlobal
